
Microsoft Visual Studio Solution File, Format Version 12.00
Project("{FAE04EC0-301F-11D3-BF4B-00C04F79EFBC}") = "AccuWeather.BFF.Models", "AccuWeather.BFF.Models\AccuWeather.BFF.Models.csproj", "{89458E14-7236-4B17-84F1-6A269EC199EA}"
EndProject
Project("{2150E333-8FDC-42A3-9474-1A3956D46DE8}") = "Domain", "Domain", "{4D9F727C-118A-414D-B886-6826E5EA5E4D}"
EndProject
Project("{2150E333-8FDC-42A3-9474-1A3956D46DE8}") = "Infrastructure", "Infrastructure", "{E01F0450-84D2-448A-9208-A5C33380C507}"
EndProject
Project("{2150E333-8FDC-42A3-9474-1A3956D46DE8}") = "Application", "Application", "{E3CD3004-8C04-408F-9C23-62D2D4BA9340}"
EndProject
Project("{FAE04EC0-301F-11D3-BF4B-00C04F79EFBC}") = "AccuWeather.BFF.Interfaces", "AccuWeather.BFF.Interfaces\AccuWeather.BFF.Interfaces.csproj", "{917004AC-020D-4A99-87B9-C0FD7A4B04FD}"
EndProject
Project("{FAE04EC0-301F-11D3-BF4B-00C04F79EFBC}") = "AccuWeather.BFF.Services", "AccuWeather.BFF.Services\AccuWeather.BFF.Services.csproj", "{0AA7ECFC-20C4-4525-AAF5-39A350236612}"
EndProject
Project("{FAE04EC0-301F-11D3-BF4B-00C04F79EFBC}") = "AccuWeather.BFF.Agents", "AccuWeather.BFF.Agents\AccuWeather.BFF.Agents.csproj", "{C20573C9-1832-4D9D-ACE6-325D67708BAD}"
EndProject
Project("{2150E333-8FDC-42A3-9474-1A3956D46DE8}") = "Tests", "Tests", "{64F38A67-F2FB-44B0-902C-48898B946627}"
EndProject
Project("{FAE04EC0-301F-11D3-BF4B-00C04F79EFBC}") = "AccuWeather.BFF.WebApi", "AccuWeather.BFF.WebApi\AccuWeather.BFF.WebApi.csproj", "{D5B2FB00-2C6C-45B9-AEBD-213FA0F38534}"
EndProject
Project("{FAE04EC0-301F-11D3-BF4B-00C04F79EFBC}") = "AccuWeather.BFF.Application.UnitTests", "AccuWeather.BFF.Application.UnitTests\AccuWeather.BFF.Application.UnitTests.csproj", "{BA499446-1899-48D5-ADD0-BDA84ED0A77A}"
EndProject
Project("{FAE04EC0-301F-11D3-BF4B-00C04F79EFBC}") = "AccuWeather.BFF.Domain.UnitTests", "AccuWeather.BFF.Domain.UnitTests\AccuWeather.BFF.Domain.UnitTests.csproj", "{50D8D8B2-7413-43E1-B87B-4E56C3F677CE}"
EndProject
Global
	GlobalSection(SolutionConfigurationPlatforms) = preSolution
		Debug|Any CPU = Debug|Any CPU
		Release|Any CPU = Release|Any CPU
	EndGlobalSection
	GlobalSection(ProjectConfigurationPlatforms) = postSolution
		{89458E14-7236-4B17-84F1-6A269EC199EA}.Debug|Any CPU.ActiveCfg = Debug|Any CPU
		{89458E14-7236-4B17-84F1-6A269EC199EA}.Debug|Any CPU.Build.0 = Debug|Any CPU
		{89458E14-7236-4B17-84F1-6A269EC199EA}.Release|Any CPU.ActiveCfg = Release|Any CPU
		{89458E14-7236-4B17-84F1-6A269EC199EA}.Release|Any CPU.Build.0 = Release|Any CPU
		{917004AC-020D-4A99-87B9-C0FD7A4B04FD}.Debug|Any CPU.ActiveCfg = Debug|Any CPU
		{917004AC-020D-4A99-87B9-C0FD7A4B04FD}.Debug|Any CPU.Build.0 = Debug|Any CPU
		{917004AC-020D-4A99-87B9-C0FD7A4B04FD}.Release|Any CPU.ActiveCfg = Release|Any CPU
		{917004AC-020D-4A99-87B9-C0FD7A4B04FD}.Release|Any CPU.Build.0 = Release|Any CPU
		{0AA7ECFC-20C4-4525-AAF5-39A350236612}.Debug|Any CPU.ActiveCfg = Debug|Any CPU
		{0AA7ECFC-20C4-4525-AAF5-39A350236612}.Debug|Any CPU.Build.0 = Debug|Any CPU
		{0AA7ECFC-20C4-4525-AAF5-39A350236612}.Release|Any CPU.ActiveCfg = Release|Any CPU
		{0AA7ECFC-20C4-4525-AAF5-39A350236612}.Release|Any CPU.Build.0 = Release|Any CPU
		{C20573C9-1832-4D9D-ACE6-325D67708BAD}.Debug|Any CPU.ActiveCfg = Debug|Any CPU
		{C20573C9-1832-4D9D-ACE6-325D67708BAD}.Debug|Any CPU.Build.0 = Debug|Any CPU
		{C20573C9-1832-4D9D-ACE6-325D67708BAD}.Release|Any CPU.ActiveCfg = Release|Any CPU
		{C20573C9-1832-4D9D-ACE6-325D67708BAD}.Release|Any CPU.Build.0 = Release|Any CPU
		{D5B2FB00-2C6C-45B9-AEBD-213FA0F38534}.Debug|Any CPU.ActiveCfg = Debug|Any CPU
		{D5B2FB00-2C6C-45B9-AEBD-213FA0F38534}.Debug|Any CPU.Build.0 = Debug|Any CPU
		{D5B2FB00-2C6C-45B9-AEBD-213FA0F38534}.Release|Any CPU.ActiveCfg = Release|Any CPU
		{D5B2FB00-2C6C-45B9-AEBD-213FA0F38534}.Release|Any CPU.Build.0 = Release|Any CPU
		{BA499446-1899-48D5-ADD0-BDA84ED0A77A}.Debug|Any CPU.ActiveCfg = Debug|Any CPU
		{BA499446-1899-48D5-ADD0-BDA84ED0A77A}.Debug|Any CPU.Build.0 = Debug|Any CPU
		{BA499446-1899-48D5-ADD0-BDA84ED0A77A}.Release|Any CPU.ActiveCfg = Release|Any CPU
		{BA499446-1899-48D5-ADD0-BDA84ED0A77A}.Release|Any CPU.Build.0 = Release|Any CPU
		{50D8D8B2-7413-43E1-B87B-4E56C3F677CE}.Debug|Any CPU.ActiveCfg = Debug|Any CPU
		{50D8D8B2-7413-43E1-B87B-4E56C3F677CE}.Debug|Any CPU.Build.0 = Debug|Any CPU
		{50D8D8B2-7413-43E1-B87B-4E56C3F677CE}.Release|Any CPU.ActiveCfg = Release|Any CPU
		{50D8D8B2-7413-43E1-B87B-4E56C3F677CE}.Release|Any CPU.Build.0 = Release|Any CPU
	EndGlobalSection
	GlobalSection(NestedProjects) = preSolution
		{89458E14-7236-4B17-84F1-6A269EC199EA} = {4D9F727C-118A-414D-B886-6826E5EA5E4D}
		{917004AC-020D-4A99-87B9-C0FD7A4B04FD} = {4D9F727C-118A-414D-B886-6826E5EA5E4D}
		{0AA7ECFC-20C4-4525-AAF5-39A350236612} = {4D9F727C-118A-414D-B886-6826E5EA5E4D}
		{C20573C9-1832-4D9D-ACE6-325D67708BAD} = {E01F0450-84D2-448A-9208-A5C33380C507}
		{D5B2FB00-2C6C-45B9-AEBD-213FA0F38534} = {E3CD3004-8C04-408F-9C23-62D2D4BA9340}
		{BA499446-1899-48D5-ADD0-BDA84ED0A77A} = {64F38A67-F2FB-44B0-902C-48898B946627}
		{50D8D8B2-7413-43E1-B87B-4E56C3F677CE} = {64F38A67-F2FB-44B0-902C-48898B946627}
	EndGlobalSection
EndGlobal
